
Microsoft Visual Studio Solution File, Format Version 12.00
# Visual Studio Version 16
VisualStudioVersion = 16.0.33214.272
MinimumVisualStudioVersion = 10.0.40219.1
Project("{2150E333-8FDC-42A3-9474-1A3956D46DE8}") = "CleanArch.Application", "CleanArch.Application", "{774FAC06-719E-4970-8F61-2B813621B933}"
EndProject
Project("{2150E333-8FDC-42A3-9474-1A3956D46DE8}") = "CleanArch.Domain", "CleanArch.Domain", "{18E5CE7E-D585-4657-8894-44AC162EAB58}"
EndProject
Project("{2150E333-8FDC-42A3-9474-1A3956D46DE8}") = "CleanArch.Infra.IoC", "CleanArch.Infra.IoC", "{08DE1155-F51B-44EC-B20D-345F6514A389}"
EndProject
Project("{2150E333-8FDC-42A3-9474-1A3956D46DE8}") = "CleanArch.Infra.Data", "CleanArch.Infra.Data", "{8A2B77A1-5E10-47AD-B5EC-1A005ACC66A7}"
EndProject
Project("{2150E333-8FDC-42A3-9474-1A3956D46DE8}") = "CleanArch.UI.Mvc", "CleanArch.UI.Mvc", "{FC8CDABA-0D7B-4950-8D56-B6B2C436C1D2}"
EndProject
Project("{FAE04EC0-301F-11D3-BF4B-00C04F79EFBC}") = "CleanArch.Mvc", "CleanArch.Mvc\CleanArch.Mvc.csproj", "{6A01993D-E8DF-43BD-8A2D-5731FDD70287}"
EndProject
Global
	GlobalSection(SolutionConfigurationPlatforms) = preSolution
		Debug|Any CPU = Debug|Any CPU
		Release|Any CPU = Release|Any CPU
	EndGlobalSection
	GlobalSection(ProjectConfigurationPlatforms) = postSolution
		{6A01993D-E8DF-43BD-8A2D-5731FDD70287}.Debug|Any CPU.ActiveCfg = Debug|Any CPU
		{6A01993D-E8DF-43BD-8A2D-5731FDD70287}.Debug|Any CPU.Build.0 = Debug|Any CPU
		{6A01993D-E8DF-43BD-8A2D-5731FDD70287}.Release|Any CPU.ActiveCfg = Release|Any CPU
		{6A01993D-E8DF-43BD-8A2D-5731FDD70287}.Release|Any CPU.Build.0 = Release|Any CPU
	EndGlobalSection
	GlobalSection(SolutionProperties) = preSolution
		HideSolutionNode = FALSE
	EndGlobalSection
	GlobalSection(NestedProjects) = preSolution
		{6A01993D-E8DF-43BD-8A2D-5731FDD70287} = {FC8CDABA-0D7B-4950-8D56-B6B2C436C1D2}
	EndGlobalSection
	GlobalSection(ExtensibilityGlobals) = postSolution
		SolutionGuid = {74BE1BC5-4A79-42E2-AC32-55883886A983}
	EndGlobalSection
EndGlobal
