
Microsoft Visual Studio Solution File, Format Version 12.00
# Visual Studio Version 16
VisualStudioVersion = 16.0.33214.272
MinimumVisualStudioVersion = 10.0.40219.1
Project("{2150E333-8FDC-42A3-9474-1A3956D46DE8}") = "Application", "Application", "{774FAC06-719E-4970-8F61-2B813621B933}"
EndProject
Project("{2150E333-8FDC-42A3-9474-1A3956D46DE8}") = "Domain", "Domain", "{18E5CE7E-D585-4657-8894-44AC162EAB58}"
EndProject
Project("{2150E333-8FDC-42A3-9474-1A3956D46DE8}") = "Infra.IoC", "Infra.IoC", "{08DE1155-F51B-44EC-B20D-345F6514A389}"
EndProject
Project("{2150E333-8FDC-42A3-9474-1A3956D46DE8}") = "Infra.Data", "Infra.Data", "{8A2B77A1-5E10-47AD-B5EC-1A005ACC66A7}"
EndProject
Project("{2150E333-8FDC-42A3-9474-1A3956D46DE8}") = "Presentation", "Presentation", "{FC8CDABA-0D7B-4950-8D56-B6B2C436C1D2}"
EndProject
Project("{9A19103F-16F7-4668-BE54-9A1E7A4F7556}") = "CleanArch.Mvc", "CleanArch.Mvc\CleanArch.Mvc.csproj", "{6A01993D-E8DF-43BD-8A2D-5731FDD70287}"
EndProject
Project("{9A19103F-16F7-4668-BE54-9A1E7A4F7556}") = "CleanArch.Domain", "CleanArch.Domain\CleanArch.Domain.csproj", "{E60CFD65-B661-4694-B7CD-A651369C47C5}"
EndProject
Project("{9A19103F-16F7-4668-BE54-9A1E7A4F7556}") = "CleanArch.Infra.Data", "CleanArch.Infra.Data\CleanArch.Infra.Data.csproj", "{2C425AF5-3F12-47E0-A4CF-867BC086A5F5}"
EndProject
Project("{FAE04EC0-301F-11D3-BF4B-00C04F79EFBC}") = "CleanArch.Application", "CleanArch.Application\CleanArch.Application.csproj", "{B7D05477-8655-481C-9043-06852AB33664}"
EndProject
Project("{FAE04EC0-301F-11D3-BF4B-00C04F79EFBC}") = "CleanArch.Infra.IoC", "CleanArch.Infra.IoC\CleanArch.Infra.IoC.csproj", "{F2F8D52D-7E60-4137-9E1A-E755F9AA8101}"
EndProject
Project("{2150E333-8FDC-42A3-9474-1A3956D46DE8}") = "Infra.Bus", "Infra.Bus", "{0427BA98-6B4F-4A1E-AD8F-998B20C3DDFB}"
EndProject
Project("{2150E333-8FDC-42A3-9474-1A3956D46DE8}") = "Api", "Api", "{DDBD496C-EBDC-4CF1-9C17-0CAB3810E704}"
EndProject
Project("{FAE04EC0-301F-11D3-BF4B-00C04F79EFBC}") = "Clean.Arc.Infra.Bus", "Clean.Arc.Infra.Bus\Clean.Arc.Infra.Bus.csproj", "{84EEA519-09AC-4305-9343-8CFA6ABF4163}"
EndProject
Project("{FAE04EC0-301F-11D3-BF4B-00C04F79EFBC}") = "CleanArch.Domain.Core", "CleanArch.Domain.Core\CleanArch.Domain.Core.csproj", "{2DD120F6-A445-4550-99D2-4E9314638462}"
EndProject
Project("{FAE04EC0-301F-11D3-BF4B-00C04F79EFBC}") = "CleanArch.Web1.API", "CleanArch.Web1.API\CleanArch.Web1.API.csproj", "{2E1BA2FB-B233-4CA2-AD34-B9648E143C10}"
EndProject
Global
	GlobalSection(SolutionConfigurationPlatforms) = preSolution
		Debug|Any CPU = Debug|Any CPU
		Release|Any CPU = Release|Any CPU
	EndGlobalSection
	GlobalSection(ProjectConfigurationPlatforms) = postSolution
		{6A01993D-E8DF-43BD-8A2D-5731FDD70287}.Debug|Any CPU.ActiveCfg = Debug|Any CPU
		{6A01993D-E8DF-43BD-8A2D-5731FDD70287}.Debug|Any CPU.Build.0 = Debug|Any CPU
		{6A01993D-E8DF-43BD-8A2D-5731FDD70287}.Release|Any CPU.ActiveCfg = Release|Any CPU
		{6A01993D-E8DF-43BD-8A2D-5731FDD70287}.Release|Any CPU.Build.0 = Release|Any CPU
		{E60CFD65-B661-4694-B7CD-A651369C47C5}.Debug|Any CPU.ActiveCfg = Debug|Any CPU
		{E60CFD65-B661-4694-B7CD-A651369C47C5}.Debug|Any CPU.Build.0 = Debug|Any CPU
		{E60CFD65-B661-4694-B7CD-A651369C47C5}.Release|Any CPU.ActiveCfg = Release|Any CPU
		{E60CFD65-B661-4694-B7CD-A651369C47C5}.Release|Any CPU.Build.0 = Release|Any CPU
		{2C425AF5-3F12-47E0-A4CF-867BC086A5F5}.Debug|Any CPU.ActiveCfg = Debug|Any CPU
		{2C425AF5-3F12-47E0-A4CF-867BC086A5F5}.Debug|Any CPU.Build.0 = Debug|Any CPU
		{2C425AF5-3F12-47E0-A4CF-867BC086A5F5}.Release|Any CPU.ActiveCfg = Release|Any CPU
		{2C425AF5-3F12-47E0-A4CF-867BC086A5F5}.Release|Any CPU.Build.0 = Release|Any CPU
		{B7D05477-8655-481C-9043-06852AB33664}.Debug|Any CPU.ActiveCfg = Debug|Any CPU
		{B7D05477-8655-481C-9043-06852AB33664}.Debug|Any CPU.Build.0 = Debug|Any CPU
		{B7D05477-8655-481C-9043-06852AB33664}.Release|Any CPU.ActiveCfg = Release|Any CPU
		{B7D05477-8655-481C-9043-06852AB33664}.Release|Any CPU.Build.0 = Release|Any CPU
		{F2F8D52D-7E60-4137-9E1A-E755F9AA8101}.Debug|Any CPU.ActiveCfg = Debug|Any CPU
		{F2F8D52D-7E60-4137-9E1A-E755F9AA8101}.Debug|Any CPU.Build.0 = Debug|Any CPU
		{F2F8D52D-7E60-4137-9E1A-E755F9AA8101}.Release|Any CPU.ActiveCfg = Release|Any CPU
		{F2F8D52D-7E60-4137-9E1A-E755F9AA8101}.Release|Any CPU.Build.0 = Release|Any CPU
		{84EEA519-09AC-4305-9343-8CFA6ABF4163}.Debug|Any CPU.ActiveCfg = Debug|Any CPU
		{84EEA519-09AC-4305-9343-8CFA6ABF4163}.Debug|Any CPU.Build.0 = Debug|Any CPU
		{84EEA519-09AC-4305-9343-8CFA6ABF4163}.Release|Any CPU.ActiveCfg = Release|Any CPU
		{84EEA519-09AC-4305-9343-8CFA6ABF4163}.Release|Any CPU.Build.0 = Release|Any CPU
		{2DD120F6-A445-4550-99D2-4E9314638462}.Debug|Any CPU.ActiveCfg = Debug|Any CPU
		{2DD120F6-A445-4550-99D2-4E9314638462}.Debug|Any CPU.Build.0 = Debug|Any CPU
		{2DD120F6-A445-4550-99D2-4E9314638462}.Release|Any CPU.ActiveCfg = Release|Any CPU
		{2DD120F6-A445-4550-99D2-4E9314638462}.Release|Any CPU.Build.0 = Release|Any CPU
		{2E1BA2FB-B233-4CA2-AD34-B9648E143C10}.Debug|Any CPU.ActiveCfg = Debug|Any CPU
		{2E1BA2FB-B233-4CA2-AD34-B9648E143C10}.Debug|Any CPU.Build.0 = Debug|Any CPU
		{2E1BA2FB-B233-4CA2-AD34-B9648E143C10}.Release|Any CPU.ActiveCfg = Release|Any CPU
		{2E1BA2FB-B233-4CA2-AD34-B9648E143C10}.Release|Any CPU.Build.0 = Release|Any CPU
	EndGlobalSection
	GlobalSection(SolutionProperties) = preSolution
		HideSolutionNode = FALSE
	EndGlobalSection
	GlobalSection(NestedProjects) = preSolution
		{6A01993D-E8DF-43BD-8A2D-5731FDD70287} = {FC8CDABA-0D7B-4950-8D56-B6B2C436C1D2}
		{E60CFD65-B661-4694-B7CD-A651369C47C5} = {18E5CE7E-D585-4657-8894-44AC162EAB58}
		{2C425AF5-3F12-47E0-A4CF-867BC086A5F5} = {8A2B77A1-5E10-47AD-B5EC-1A005ACC66A7}
		{B7D05477-8655-481C-9043-06852AB33664} = {774FAC06-719E-4970-8F61-2B813621B933}
		{F2F8D52D-7E60-4137-9E1A-E755F9AA8101} = {08DE1155-F51B-44EC-B20D-345F6514A389}
		{84EEA519-09AC-4305-9343-8CFA6ABF4163} = {0427BA98-6B4F-4A1E-AD8F-998B20C3DDFB}
		{2DD120F6-A445-4550-99D2-4E9314638462} = {18E5CE7E-D585-4657-8894-44AC162EAB58}
		{2E1BA2FB-B233-4CA2-AD34-B9648E143C10} = {DDBD496C-EBDC-4CF1-9C17-0CAB3810E704}
	EndGlobalSection
	GlobalSection(ExtensibilityGlobals) = postSolution
		SolutionGuid = {74BE1BC5-4A79-42E2-AC32-55883886A983}
	EndGlobalSection
EndGlobal
